
Microsoft Visual Studio Solution File, Format Version 12.00
# Visual Studio 15
VisualStudioVersion = 15.0.26430.15
MinimumVisualStudioVersion = 10.0.40219.1
Project("{8BC9CEB8-8B4A-11D0-8D11-00A0C91BC942}") = "Macros", "Macros\Macros.vcxproj", "{9275043F-3875-4B44-9506-E738469D38F2}"
EndProject
Project("{8BC9CEB8-8B4A-11D0-8D11-00A0C91BC942}") = "ThreadPool", "ThreadPool\ThreadPool.vcxproj", "{E150D681-3A96-414C-AF6F-47B32A7B87BC}"
EndProject
Project("{8BC9CEB8-8B4A-11D0-8D11-00A0C91BC942}") = "LibTest", "LibTest\LibTest.vcxproj", "{95366146-31E7-46D9-BFDC-3CBFE0E82372}"
EndProject
Global
	GlobalSection(SolutionConfigurationPlatforms) = preSolution
		Debug|x64 = Debug|x64
		Debug|x86 = Debug|x86
		Release|x64 = Release|x64
		Release|x86 = Release|x86
	EndGlobalSection
	GlobalSection(ProjectConfigurationPlatforms) = postSolution
		{9275043F-3875-4B44-9506-E738469D38F2}.Debug|x64.ActiveCfg = Debug|x64
		{9275043F-3875-4B44-9506-E738469D38F2}.Debug|x64.Build.0 = Debug|x64
		{9275043F-3875-4B44-9506-E738469D38F2}.Debug|x86.ActiveCfg = Debug|Win32
		{9275043F-3875-4B44-9506-E738469D38F2}.Debug|x86.Build.0 = Debug|Win32
		{9275043F-3875-4B44-9506-E738469D38F2}.Release|x64.ActiveCfg = Release|x64
		{9275043F-3875-4B44-9506-E738469D38F2}.Release|x64.Build.0 = Release|x64
		{9275043F-3875-4B44-9506-E738469D38F2}.Release|x86.ActiveCfg = Release|Win32
		{9275043F-3875-4B44-9506-E738469D38F2}.Release|x86.Build.0 = Release|Win32
		{E150D681-3A96-414C-AF6F-47B32A7B87BC}.Debug|x64.ActiveCfg = Debug|x64
		{E150D681-3A96-414C-AF6F-47B32A7B87BC}.Debug|x64.Build.0 = Debug|x64
		{E150D681-3A96-414C-AF6F-47B32A7B87BC}.Debug|x86.ActiveCfg = Debug|Win32
		{E150D681-3A96-414C-AF6F-47B32A7B87BC}.Debug|x86.Build.0 = Debug|Win32
		{E150D681-3A96-414C-AF6F-47B32A7B87BC}.Release|x64.ActiveCfg = Release|x64
		{E150D681-3A96-414C-AF6F-47B32A7B87BC}.Release|x64.Build.0 = Release|x64
		{E150D681-3A96-414C-AF6F-47B32A7B87BC}.Release|x86.ActiveCfg = Release|Win32
		{E150D681-3A96-414C-AF6F-47B32A7B87BC}.Release|x86.Build.0 = Release|Win32
		{95366146-31E7-46D9-BFDC-3CBFE0E82372}.Debug|x64.ActiveCfg = Debug|x64
		{95366146-31E7-46D9-BFDC-3CBFE0E82372}.Debug|x64.Build.0 = Debug|x64
		{95366146-31E7-46D9-BFDC-3CBFE0E82372}.Debug|x86.ActiveCfg = Debug|Win32
		{95366146-31E7-46D9-BFDC-3CBFE0E82372}.Debug|x86.Build.0 = Debug|Win32
		{95366146-31E7-46D9-BFDC-3CBFE0E82372}.Release|x64.ActiveCfg = Release|x64
		{95366146-31E7-46D9-BFDC-3CBFE0E82372}.Release|x64.Build.0 = Release|x64
		{95366146-31E7-46D9-BFDC-3CBFE0E82372}.Release|x86.ActiveCfg = Release|Win32
		{95366146-31E7-46D9-BFDC-3CBFE0E82372}.Release|x86.Build.0 = Release|Win32
	EndGlobalSection
	GlobalSection(SolutionProperties) = preSolution
		HideSolutionNode = FALSE
	EndGlobalSection
EndGlobal
